
Microsoft Visual Studio Solution File, Format Version 12.00
# Visual Studio 15
VisualStudioVersion = 15.0.28307.438
MinimumVisualStudioVersion = 10.0.40219.1
Project("{9A19103F-16F7-4668-BE54-9A1E7A4F7556}") = "User.API", "User.API\User.API.csproj", "{97E02576-D75E-4B54-BD2D-62E7EC972A06}"
EndProject
Project("{9A19103F-16F7-4668-BE54-9A1E7A4F7556}") = "User.Identity", "User.Identity\User.Identity.csproj", "{22E6AF40-72C6-4781-9547-7966228C20EC}"
EndProject
Project("{9A19103F-16F7-4668-BE54-9A1E7A4F7556}") = "Gateway.API", "API.Gateway\Gateway.API.csproj", "{D5E1E045-264C-41BA-A234-509069725A38}"
EndProject
Project("{2150E333-8FDC-42A3-9474-1A3956D46DE8}") = "BuildingBlocks", "BuildingBlocks", "{8CC41E84-257F-4CFE-B276-B115801AD78B}"
EndProject
Project("{9A19103F-16F7-4668-BE54-9A1E7A4F7556}") = "Resilience", "Resilience\Resilience.csproj", "{68B9D06A-0410-454E-B724-7B7E420E938E}"
EndProject
Project("{9A19103F-16F7-4668-BE54-9A1E7A4F7556}") = "Contact.API", "Contact.API\Contact.API.csproj", "{7CB32B95-EABA-4A58-B439-CFB8C46A53ED}"
EndProject
Project("{2150E333-8FDC-42A3-9474-1A3956D46DE8}") = "Project", "Project", "{5A1B2998-CC93-4433-87E8-4F725DE6A768}"
EndProject
Project("{FAE04EC0-301F-11D3-BF4B-00C04F79EFBC}") = "Project.API", "Project.API\Project.API.csproj", "{9377F129-CEF3-4B13-83AE-9BEAEA109B3C}"
EndProject
Project("{FAE04EC0-301F-11D3-BF4B-00C04F79EFBC}") = "Project.Domain", "Project.Domain\Project.Domain.csproj", "{10DEDF50-101E-4FF5-BEA5-90B235180232}"
EndProject
Project("{FAE04EC0-301F-11D3-BF4B-00C04F79EFBC}") = "Project.Infrastructure", "Project.Infrastructure\Project.Infrastructure.csproj", "{D1A06E76-60B0-4CAB-A148-F004ACA81985}"
EndProject
Global
	GlobalSection(SolutionConfigurationPlatforms) = preSolution
		Debug|Any CPU = Debug|Any CPU
		Release|Any CPU = Release|Any CPU
	EndGlobalSection
	GlobalSection(ProjectConfigurationPlatforms) = postSolution
		{97E02576-D75E-4B54-BD2D-62E7EC972A06}.Debug|Any CPU.ActiveCfg = Debug|Any CPU
		{97E02576-D75E-4B54-BD2D-62E7EC972A06}.Debug|Any CPU.Build.0 = Debug|Any CPU
		{97E02576-D75E-4B54-BD2D-62E7EC972A06}.Release|Any CPU.ActiveCfg = Release|Any CPU
		{97E02576-D75E-4B54-BD2D-62E7EC972A06}.Release|Any CPU.Build.0 = Release|Any CPU
		{22E6AF40-72C6-4781-9547-7966228C20EC}.Debug|Any CPU.ActiveCfg = Debug|Any CPU
		{22E6AF40-72C6-4781-9547-7966228C20EC}.Debug|Any CPU.Build.0 = Debug|Any CPU
		{22E6AF40-72C6-4781-9547-7966228C20EC}.Release|Any CPU.ActiveCfg = Release|Any CPU
		{22E6AF40-72C6-4781-9547-7966228C20EC}.Release|Any CPU.Build.0 = Release|Any CPU
		{D5E1E045-264C-41BA-A234-509069725A38}.Debug|Any CPU.ActiveCfg = Debug|Any CPU
		{D5E1E045-264C-41BA-A234-509069725A38}.Debug|Any CPU.Build.0 = Debug|Any CPU
		{D5E1E045-264C-41BA-A234-509069725A38}.Release|Any CPU.ActiveCfg = Release|Any CPU
		{D5E1E045-264C-41BA-A234-509069725A38}.Release|Any CPU.Build.0 = Release|Any CPU
		{68B9D06A-0410-454E-B724-7B7E420E938E}.Debug|Any CPU.ActiveCfg = Debug|Any CPU
		{68B9D06A-0410-454E-B724-7B7E420E938E}.Debug|Any CPU.Build.0 = Debug|Any CPU
		{68B9D06A-0410-454E-B724-7B7E420E938E}.Release|Any CPU.ActiveCfg = Release|Any CPU
		{68B9D06A-0410-454E-B724-7B7E420E938E}.Release|Any CPU.Build.0 = Release|Any CPU
		{7CB32B95-EABA-4A58-B439-CFB8C46A53ED}.Debug|Any CPU.ActiveCfg = Debug|Any CPU
		{7CB32B95-EABA-4A58-B439-CFB8C46A53ED}.Debug|Any CPU.Build.0 = Debug|Any CPU
		{7CB32B95-EABA-4A58-B439-CFB8C46A53ED}.Release|Any CPU.ActiveCfg = Release|Any CPU
		{7CB32B95-EABA-4A58-B439-CFB8C46A53ED}.Release|Any CPU.Build.0 = Release|Any CPU
		{9377F129-CEF3-4B13-83AE-9BEAEA109B3C}.Debug|Any CPU.ActiveCfg = Debug|Any CPU
		{9377F129-CEF3-4B13-83AE-9BEAEA109B3C}.Debug|Any CPU.Build.0 = Debug|Any CPU
		{9377F129-CEF3-4B13-83AE-9BEAEA109B3C}.Release|Any CPU.ActiveCfg = Release|Any CPU
		{9377F129-CEF3-4B13-83AE-9BEAEA109B3C}.Release|Any CPU.Build.0 = Release|Any CPU
		{10DEDF50-101E-4FF5-BEA5-90B235180232}.Debug|Any CPU.ActiveCfg = Debug|Any CPU
		{10DEDF50-101E-4FF5-BEA5-90B235180232}.Debug|Any CPU.Build.0 = Debug|Any CPU
		{10DEDF50-101E-4FF5-BEA5-90B235180232}.Release|Any CPU.ActiveCfg = Release|Any CPU
		{10DEDF50-101E-4FF5-BEA5-90B235180232}.Release|Any CPU.Build.0 = Release|Any CPU
		{D1A06E76-60B0-4CAB-A148-F004ACA81985}.Debug|Any CPU.ActiveCfg = Debug|Any CPU
		{D1A06E76-60B0-4CAB-A148-F004ACA81985}.Debug|Any CPU.Build.0 = Debug|Any CPU
		{D1A06E76-60B0-4CAB-A148-F004ACA81985}.Release|Any CPU.ActiveCfg = Release|Any CPU
		{D1A06E76-60B0-4CAB-A148-F004ACA81985}.Release|Any CPU.Build.0 = Release|Any CPU
	EndGlobalSection
	GlobalSection(SolutionProperties) = preSolution
		HideSolutionNode = FALSE
	EndGlobalSection
	GlobalSection(NestedProjects) = preSolution
		{68B9D06A-0410-454E-B724-7B7E420E938E} = {8CC41E84-257F-4CFE-B276-B115801AD78B}
		{9377F129-CEF3-4B13-83AE-9BEAEA109B3C} = {5A1B2998-CC93-4433-87E8-4F725DE6A768}
		{10DEDF50-101E-4FF5-BEA5-90B235180232} = {5A1B2998-CC93-4433-87E8-4F725DE6A768}
		{D1A06E76-60B0-4CAB-A148-F004ACA81985} = {5A1B2998-CC93-4433-87E8-4F725DE6A768}
	EndGlobalSection
	GlobalSection(ExtensibilityGlobals) = postSolution
		SolutionGuid = {80116264-C42A-4A40-ACCA-351C0B452D84}
	EndGlobalSection
EndGlobal
